{
  "name": "static",
  "lockfileVersion": 3,
  "requires": true,
  "packages": {
    "": {
      "dependencies": {
        "@mediapipe/drawing_utils": "^0.3.1675466124",
        "@mediapipe/face_detection": "^0.4.1646425229",
        "@mediapipe/face_mesh": "^0.4.1633559619",
        "@mediapipe/hands": "^0.4.1675469240",
        "@mediapipe/holistic": "^0.5.1675471629",
        "@mediapipe/pose": "^0.5.1675469404",
        "@vladmandic/face-api": "^1.7.15"
      }
    },
    "node_modules/@mediapipe/drawing_utils": {
      "version": "0.3.1675466124",
      "resolved": "https://registry.npmjs.org/@mediapipe/drawing_utils/-/drawing_utils-0.3.1675466124.tgz",
      "integrity": "sha512-/IWIB/iYRMtiUKe3k7yGqvwseWHCOqzVpRDfMgZ6gv9z7EEimg6iZbRluoPbcNKHbYSxN5yOvYTzUYb8KVf22Q=="
    },
    "node_modules/@mediapipe/face_detection": {
      "version": "0.4.1646425229",
      "resolved": "https://registry.npmjs.org/@mediapipe/face_detection/-/face_detection-0.4.1646425229.tgz",
      "integrity": "sha512-aeCN+fRAojv9ch3NXorP6r5tcGVLR3/gC1HmtqB0WEZBRXrdP6/3W/sGR0dHr1iT6ueiK95G9PVjbzFosf/hrg=="
    },
    "node_modules/@mediapipe/face_mesh": {
      "version": "0.4.1633559619",
      "resolved": "https://registry.npmjs.org/@mediapipe/face_mesh/-/face_mesh-0.4.1633559619.tgz",
      "integrity": "sha512-Vc8cdjxS5+O2gnjWH9KncYpUCVXT0h714KlWAsyqJvJbIgUJBqpppbIx8yWcAzBDxm/5cYSuBI5p5ySIPxzcEg=="
    },
    "node_modules/@mediapipe/hands": {
      "version": "0.4.1675469240",
      "resolved": "https://registry.npmjs.org/@mediapipe/hands/-/hands-0.4.1675469240.tgz",
      "integrity": "sha512-GxoZvL1mmhJxFxjuyj7vnC++JIuInGznHBin5c7ZSq/RbcnGyfEcJrkM/bMu5K1Mz/2Ko+vEX6/+wewmEHPrHg=="
    },
    "node_modules/@mediapipe/holistic": {
      "version": "0.5.1675471629",
      "resolved": "https://registry.npmjs.org/@mediapipe/holistic/-/holistic-0.5.1675471629.tgz",
      "integrity": "sha512-qY+cxtDeSOvVtevrLgnodiwXYaAtPi7dHZtNv/bUCGEjFicAOYtMmrZSqMmbPkTB2+4jLnPF1vgshkAqQRSYAw=="
    },
    "node_modules/@mediapipe/pose": {
      "version": "0.5.1675469404",
      "resolved": "https://registry.npmjs.org/@mediapipe/pose/-/pose-0.5.1675469404.tgz",
      "integrity": "sha512-DFZsNWTsSphRIZppnUCuunzBiHP2FdJXR9ehc7mMi4KG+oPaOH0Em3d6kr7Py+TSyTXC1doH88KcF28k2sBxsQ=="
    },
    "node_modules/@vladmandic/face-api": {
      "version": "1.7.15",
      "resolved": "https://registry.npmjs.org/@vladmandic/face-api/-/face-api-1.7.15.tgz",
      "integrity": "sha512-WDMmK3CfNLo8jylWqMoQgf4nIst3M0fzx1dnac96wv/dvMTN4DxC/Pq1DGtduDk1lktCamQ3MIDXFnvrdHTXDw==",
      "license": "MIT",
      "engines": {
        "node": ">=14.0.0"
      }
    }
  }
}
